{
  "name": "project-beta",
  "version": "1.0.0",
  "lockfileVersion": 2,
  "packages": {
    "": { "name": "project-beta", "version": "1.0.0" },
    "node_modules/@example/csv-parse": { "name": "@example/csv-parse", "version": "4.0.5" },
    "node_modules/my-builder": { "name": "my-builder", "version": "1.1.0" }
  }
}
